
Microsoft Visual Studio Solution File, Format Version 12.00
# Visual Studio Version 16
VisualStudioVersion = 16.0.31624.102
MinimumVisualStudioVersion = 10.0.40219.1
Project("{FAE04EC0-301F-11D3-BF4B-00C04F79EFBC}") = "project_05", "project_05\project_05.csproj", "{401AC597-E160-4AB3-8FCF-EBDA20439D40}"
EndProject
Global
	GlobalSection(SolutionConfigurationPlatforms) = preSolution
		Debug|Any CPU = Debug|Any CPU
		Release|Any CPU = Release|Any CPU
	EndGlobalSection
	GlobalSection(ProjectConfigurationPlatforms) = postSolution
		{401AC597-E160-4AB3-8FCF-EBDA20439D40}.Debug|Any CPU.ActiveCfg = Debug|Any CPU
		{401AC597-E160-4AB3-8FCF-EBDA20439D40}.Debug|Any CPU.Build.0 = Debug|Any CPU
		{401AC597-E160-4AB3-8FCF-EBDA20439D40}.Release|Any CPU.ActiveCfg = Release|Any CPU
		{401AC597-E160-4AB3-8FCF-EBDA20439D40}.Release|Any CPU.Build.0 = Release|Any CPU
	EndGlobalSection
	GlobalSection(SolutionProperties) = preSolution
		HideSolutionNode = FALSE
	EndGlobalSection
	GlobalSection(ExtensibilityGlobals) = postSolution
		SolutionGuid = {10E38E99-854D-4E3A-95D5-673AB667DA53}
	EndGlobalSection
EndGlobal
